{
  "version": 1,
  "dependencies": {
    "net8.0": {
      "ACadSharp": {
        "type": "Direct",
        "requested": "[3.7.1, 3.7.1]",
        "resolved": "3.7.1",
        "contentHash": "+feXWAswHouS4ev2YAKa/oh/94dwtcI5AZ3Gb6UfpcYzYViCYUEGdqGw8NZYEk9q7kAHtbQmNbgGLxqi+q7U7A=="
      }
    }
  }
}